
Microsoft Visual Studio Solution File, Format Version 11.00
# Visual Studio 2010
Project("{FAE04EC0-301F-11D3-BF4B-00C04F79EFBC}") = "CS470_Game", "Assembly-CSharp-firstpass.csproj", "{7B5F4E98-DD58-954C-6123-C33B93AB7C32}"
EndProject
Project("{FAE04EC0-301F-11D3-BF4B-00C04F79EFBC}") = "CS470_Game", "Assembly-CSharp.csproj", "{DC96520A-730A-A429-3D67-6A30DD917A8D}"
EndProject
Project("{FAE04EC0-301F-11D3-BF4B-00C04F79EFBC}") = "CS470_Game", "Assembly-CSharp-Editor.csproj", "{998AE17B-3728-ACC7-0876-78E93ACD8111}"
EndProject
Global
	GlobalSection(SolutionConfigurationPlatforms) = preSolution
		Debug|Any CPU = Debug|Any CPU
		Release|Any CPU = Release|Any CPU
	EndGlobalSection
	GlobalSection(ProjectConfigurationPlatforms) = postSolution
		{7B5F4E98-DD58-954C-6123-C33B93AB7C32}.Debug|Any CPU.ActiveCfg = Debug|Any CPU
		{7B5F4E98-DD58-954C-6123-C33B93AB7C32}.Debug|Any CPU.Build.0 = Debug|Any CPU
		{7B5F4E98-DD58-954C-6123-C33B93AB7C32}.Release|Any CPU.ActiveCfg = Release|Any CPU
		{7B5F4E98-DD58-954C-6123-C33B93AB7C32}.Release|Any CPU.Build.0 = Release|Any CPU
		{DC96520A-730A-A429-3D67-6A30DD917A8D}.Debug|Any CPU.ActiveCfg = Debug|Any CPU
		{DC96520A-730A-A429-3D67-6A30DD917A8D}.Debug|Any CPU.Build.0 = Debug|Any CPU
		{DC96520A-730A-A429-3D67-6A30DD917A8D}.Release|Any CPU.ActiveCfg = Release|Any CPU
		{DC96520A-730A-A429-3D67-6A30DD917A8D}.Release|Any CPU.Build.0 = Release|Any CPU
		{998AE17B-3728-ACC7-0876-78E93ACD8111}.Debug|Any CPU.ActiveCfg = Debug|Any CPU
		{998AE17B-3728-ACC7-0876-78E93ACD8111}.Debug|Any CPU.Build.0 = Debug|Any CPU
		{998AE17B-3728-ACC7-0876-78E93ACD8111}.Release|Any CPU.ActiveCfg = Release|Any CPU
		{998AE17B-3728-ACC7-0876-78E93ACD8111}.Release|Any CPU.Build.0 = Release|Any CPU
	EndGlobalSection
	GlobalSection(SolutionProperties) = preSolution
		HideSolutionNode = FALSE
	EndGlobalSection
	GlobalSection(MonoDevelopProperties) = preSolution
		StartupItem = Assembly-CSharp.csproj
	EndGlobalSection
EndGlobal
